// !$*UTF8*$!
{
	archiveVersion = 1;
	classes = {
	};
	objectVersion = 50;
	objects = {

/* Begin PBXBuildFile section */
		277382912170857E00D40C39 /* AppDelegate.swift in Sources */ = {isa = PBXBuildFile; fileRef = 277382902170857E00D40C39 /* AppDelegate.swift */; };
		277382932170857E00D40C39 /* ViewController.swift in Sources */ = {isa = PBXBuildFile; fileRef = 277382922170857E00D40C39 /* ViewController.swift */; };
		277382962170857E00D40C39 /* Main.storyboard in Resources */ = {isa = PBXBuildFile; fileRef = 277382942170857E00D40C39 /* Main.storyboard */; };
		277382982170858000D40C39 /* Assets.xcassets in Resources */ = {isa = PBXBuildFile; fileRef = 277382972170858000D40C39 /* Assets.xcassets */; };
		2773829B2170858000D40C39 /* LaunchScreen.storyboard in Resources */ = {isa = PBXBuildFile; fileRef = 277382992170858000D40C39 /* LaunchScreen.storyboard */; };
		277382A32170938400D40C39 /* constant.swift in Sources */ = {isa = PBXBuildFile; fileRef = 277382A22170938400D40C39 /* constant.swift */; };
		C3BE116033C7C1F0AC821F8A /* Pods_AcrosureSDKExample.framework in Frameworks */ = {isa = PBXBuildFile; fileRef = 0F4F52CA57673D922C031AF4 /* Pods_AcrosureSDKExample.framework */; };
/* End PBXBuildFile section */

/* Begin PBXFileReference section */
		0F4F52CA57673D922C031AF4 /* Pods_AcrosureSDKExample.framework */ = {isa = PBXFileReference; explicitFileType = wrapper.framework; includeInIndex = 0; path = Pods_AcrosureSDKExample.framework; sourceTree = BUILT_PRODUCTS_DIR; };
		2773828D2170857E00D40C39 /* AcrosureSDKExample.app */ = {isa = PBXFileReference; explicitFileType = wrapper.application; includeInIndex = 0; path = AcrosureSDKExample.app; sourceTree = BUILT_PRODUCTS_DIR; };
		277382902170857E00D40C39 /* AppDelegate.swift */ = {isa = PBXFileReference; lastKnownFileType = sourcecode.swift; path = AppDelegate.swift; sourceTree = "<group>"; };
		277382922170857E00D40C39 /* ViewController.swift */ = {isa = PBXFileReference; lastKnownFileType = sourcecode.swift; path = ViewController.swift; sourceTree = "<group>"; };
		277382952170857E00D40C39 /* Base */ = {isa = PBXFileReference; lastKnownFileType = file.storyboard; name = Base; path = Base.lproj/Main.storyboard; sourceTree = "<group>"; };
		277382972170858000D40C39 /* Assets.xcassets */ = {isa = PBXFileReference; lastKnownFileType = folder.assetcatalog; path = Assets.xcassets; sourceTree = "<group>"; };
		2773829A2170858000D40C39 /* Base */ = {isa = PBXFileReference; lastKnownFileType = file.storyboard; name = Base; path = Base.lproj/LaunchScreen.storyboard; sourceTree = "<group>"; };
		2773829C2170858000D40C39 /* Info.plist */ = {isa = PBXFileReference; lastKnownFileType = text.plist.xml; path = Info.plist; sourceTree = "<group>"; };
		277382A22170938400D40C39 /* constant.swift */ = {isa = PBXFileReference; lastKnownFileType = sourcecode.swift; path = constant.swift; sourceTree = "<group>"; };
		277382A42170977300D40C39 /* AcrosureSDK.framework */ = {isa = PBXFileReference; explicitFileType = wrapper.framework; path = AcrosureSDK.framework; sourceTree = BUILT_PRODUCTS_DIR; };
		3E8C5831A5FAE9257918F23E /* Pods-AcrosureSDKExample.debug.xcconfig */ = {isa = PBXFileReference; includeInIndex = 1; lastKnownFileType = text.xcconfig; name = "Pods-AcrosureSDKExample.debug.xcconfig"; path = "Pods/Target Support Files/Pods-AcrosureSDKExample/Pods-AcrosureSDKExample.debug.xcconfig"; sourceTree = "<group>"; };
		8C3DBADCAD2F9C8B7C016800 /* Pods-AcrosureSDKExample.release.xcconfig */ = {isa = PBXFileReference; includeInIndex = 1; lastKnownFileType = text.xcconfig; name = "Pods-AcrosureSDKExample.release.xcconfig"; path = "Pods/Target Support Files/Pods-AcrosureSDKExample/Pods-AcrosureSDKExample.release.xcconfig"; sourceTree = "<group>"; };
/* End PBXFileReference section */

/* Begin PBXFrameworksBuildPhase section */
		2773828A2170857E00D40C39 /* Frameworks */ = {
			isa = PBXFrameworksBuildPhase;
			buildActionMask = 2147483647;
			files = (
				C3BE116033C7C1F0AC821F8A /* Pods_AcrosureSDKExample.framework in Frameworks */,
			);
			runOnlyForDeploymentPostprocessing = 0;
		};
/* End PBXFrameworksBuildPhase section */

/* Begin PBXGroup section */
		277382842170857E00D40C39 = {
			isa = PBXGroup;
			children = (
				2773828F2170857E00D40C39 /* AcrosureSDKExample */,
				2773828E2170857E00D40C39 /* Products */,
				8F5C8D9E578BD64C85E8924D /* Pods */,
				D2A703214BDCC6717820CA81 /* Frameworks */,
			);
			sourceTree = "<group>";
		};
		2773828E2170857E00D40C39 /* Products */ = {
			isa = PBXGroup;
			children = (
				2773828D2170857E00D40C39 /* AcrosureSDKExample.app */,
			);
			name = Products;
			sourceTree = "<group>";
		};
		2773828F2170857E00D40C39 /* AcrosureSDKExample */ = {
			isa = PBXGroup;
			children = (
				277382902170857E00D40C39 /* AppDelegate.swift */,
				277382922170857E00D40C39 /* ViewController.swift */,
				277382942170857E00D40C39 /* Main.storyboard */,
				277382972170858000D40C39 /* Assets.xcassets */,
				277382992170858000D40C39 /* LaunchScreen.storyboard */,
				2773829C2170858000D40C39 /* Info.plist */,
				277382A22170938400D40C39 /* constant.swift */,
			);
			path = AcrosureSDKExample;
			sourceTree = "<group>";
		};
		8F5C8D9E578BD64C85E8924D /* Pods */ = {
			isa = PBXGroup;
			children = (
				3E8C5831A5FAE9257918F23E /* Pods-AcrosureSDKExample.debug.xcconfig */,
				8C3DBADCAD2F9C8B7C016800 /* Pods-AcrosureSDKExample.release.xcconfig */,
			);
			name = Pods;
			sourceTree = "<group>";
		};
		D2A703214BDCC6717820CA81 /* Frameworks */ = {
			isa = PBXGroup;
			children = (
				0F4F52CA57673D922C031AF4 /* Pods_AcrosureSDKExample.framework */,
				277382A42170977300D40C39 /* AcrosureSDK.framework */,
			);
			name = Frameworks;
			sourceTree = "<group>";
		};
/* End PBXGroup section */

/* Begin PBXNativeTarget section */
		2773828C2170857E00D40C39 /* AcrosureSDKExample */ = {
			isa = PBXNativeTarget;
			buildConfigurationList = 2773829F2170858000D40C39 /* Build configuration list for PBXNativeTarget "AcrosureSDKExample" */;
			buildPhases = (
				139C7E5F7C5A44D2A95B0CF4 /* [CP] Check Pods Manifest.lock */,
				277382892170857E00D40C39 /* Sources */,
				2773828A2170857E00D40C39 /* Frameworks */,
				2773828B2170857E00D40C39 /* Resources */,
				773D6BD1AC86214ED6003DEB /* [CP] Embed Pods Frameworks */,
			);
			buildRules = (
			);
			dependencies = (
			);
			name = AcrosureSDKExample;
			productName = AcrosureSDKExample;
			productReference = 2773828D2170857E00D40C39 /* AcrosureSDKExample.app */;
			productType = "com.apple.product-type.application";
		};
/* End PBXNativeTarget section */

/* Begin PBXProject section */
		277382852170857E00D40C39 /* Project object */ = {
			isa = PBXProject;
			attributes = {
				LastSwiftUpdateCheck = 1000;
				LastUpgradeCheck = 1000;
				ORGANIZATIONNAME = Acrosure;
				TargetAttributes = {
					2773828C2170857E00D40C39 = {
						CreatedOnToolsVersion = 10.0;
					};
				};
			};
			buildConfigurationList = 277382882170857E00D40C39 /* Build configuration list for PBXProject "AcrosureSDKExample" */;
			compatibilityVersion = "Xcode 9.3";
			developmentRegion = en;
			hasScannedForEncodings = 0;
			knownRegions = (
				en,
				Base,
			);
			mainGroup = 277382842170857E00D40C39;
			productRefGroup = 2773828E2170857E00D40C39 /* Products */;
			projectDirPath = "";
			projectRoot = "";
			targets = (
				2773828C2170857E00D40C39 /* AcrosureSDKExample */,
			);
		};
/* End PBXProject section */

/* Begin PBXResourcesBuildPhase section */
		2773828B2170857E00D40C39 /* Resources */ = {
			isa = PBXResourcesBuildPhase;
			buildActionMask = 2147483647;
			files = (
				2773829B2170858000D40C39 /* LaunchScreen.storyboard in Resources */,
				277382982170858000D40C39 /* Assets.xcassets in Resources */,
				277382962170857E00D40C39 /* Main.storyboard in Resources */,
			);
			runOnlyForDeploymentPostprocessing = 0;
		};
/* End PBXResourcesBuildPhase section */

/* Begin PBXShellScriptBuildPhase section */
		139C7E5F7C5A44D2A95B0CF4 /* [CP] Check Pods Manifest.lock */ = {
			isa = PBXShellScriptBuildPhase;
			buildActionMask = 2147483647;
			files = (
			);
			inputFileListPaths = (
			);
			inputPaths = (
				"${PODS_PODFILE_DIR_PATH}/Podfile.lock",
				"${PODS_ROOT}/Manifest.lock",
			);
			name = "[CP] Check Pods Manifest.lock";
			outputFileListPaths = (
			);
			outputPaths = (
				"$(DERIVED_FILE_DIR)/Pods-AcrosureSDKExample-checkManifestLockResult.txt",
			);
			runOnlyForDeploymentPostprocessing = 0;
			shellPath = /bin/sh;
			shellScript = "diff \"${PODS_PODFILE_DIR_PATH}/Podfile.lock\" \"${PODS_ROOT}/Manifest.lock\" > /dev/null\nif [ $? != 0 ] ; then\n    # print error to STDERR\n    echo \"error: The sandbox is not in sync with the Podfile.lock. Run 'pod install' or update your CocoaPods installation.\" >&2\n    exit 1\nfi\n# This output is used by Xcode 'outputs' to avoid re-running this script phase.\necho \"SUCCESS\" > \"${SCRIPT_OUTPUT_FILE_0}\"\n";
			showEnvVarsInLog = 0;
		};
		773D6BD1AC86214ED6003DEB /* [CP] Embed Pods Frameworks */ = {
			isa = PBXShellScriptBuildPhase;
			buildActionMask = 2147483647;
			files = (
			);
			inputFileListPaths = (
			);
			inputPaths = (
				"${SRCROOT}/Pods/Target Support Files/Pods-AcrosureSDKExample/Pods-AcrosureSDKExample-frameworks.sh",
				"${BUILT_PRODUCTS_DIR}/AcrosureSDK/AcrosureSDK.framework",
				"${BUILT_PRODUCTS_DIR}/Alamofire/Alamofire.framework",
				"${BUILT_PRODUCTS_DIR}/SwiftyJSON/SwiftyJSON.framework",
			);
			name = "[CP] Embed Pods Frameworks";
			outputFileListPaths = (
			);
			outputPaths = (
				"${TARGET_BUILD_DIR}/${FRAMEWORKS_FOLDER_PATH}/AcrosureSDK.framework",
				"${TARGET_BUILD_DIR}/${FRAMEWORKS_FOLDER_PATH}/Alamofire.framework",
				"${TARGET_BUILD_DIR}/${FRAMEWORKS_FOLDER_PATH}/SwiftyJSON.framework",
			);
			runOnlyForDeploymentPostprocessing = 0;
			shellPath = /bin/sh;
			shellScript = "\"${SRCROOT}/Pods/Target Support Files/Pods-AcrosureSDKExample/Pods-AcrosureSDKExample-frameworks.sh\"\n";
			showEnvVarsInLog = 0;
		};
/* End PBXShellScriptBuildPhase section */

/* Begin PBXSourcesBuildPhase section */
		277382892170857E00D40C39 /* Sources */ = {
			isa = PBXSourcesBuildPhase;
			buildActionMask = 2147483647;
			files = (
				277382932170857E00D40C39 /* ViewController.swift in Sources */,
				277382A32170938400D40C39 /* constant.swift in Sources */,
				277382912170857E00D40C39 /* AppDelegate.swift in Sources */,
			);
			runOnlyForDeploymentPostprocessing = 0;
		};
/* End PBXSourcesBuildPhase section */

/* Begin PBXVariantGroup section */
		277382942170857E00D40C39 /* Main.storyboard */ = {
			isa = PBXVariantGroup;
			children = (
				277382952170857E00D40C39 /* Base */,
			);
			name = Main.storyboard;
			sourceTree = "<group>";
		};
		277382992170858000D40C39 /* LaunchScreen.storyboard */ = {
			isa = PBXVariantGroup;
			children = (
				2773829A2170858000D40C39 /* Base */,
			);
			name = LaunchScreen.storyboard;
			sourceTree = "<group>";
		};
/* End PBXVariantGroup section */

/* Begin XCBuildConfiguration section */
		2773829D2170858000D40C39 /* Debug */ = {
			isa = XCBuildConfiguration;
			buildSettings = {
				ALWAYS_SEARCH_USER_PATHS = NO;
				CLANG_ANALYZER_NONNULL = YES;
				CLANG_ANALYZER_NUMBER_OBJECT_CONVERSION = YES_AGGRESSIVE;
				CLANG_CXX_LANGUAGE_STANDARD = "gnu++14";
				CLANG_CXX_LIBRARY = "libc++";
				CLANG_ENABLE_MODULES = YES;
				CLANG_ENABLE_OBJC_ARC = YES;
				CLANG_ENABLE_OBJC_WEAK = YES;
				CLANG_WARN_BLOCK_CAPTURE_AUTORELEASING = YES;
				CLANG_WARN_BOOL_CONVERSION = YES;
				CLANG_WARN_COMMA = YES;
				CLANG_WARN_CONSTANT_CONVERSION = YES;
				CLANG_WARN_DEPRECATED_OBJC_IMPLEMENTATIONS = YES;
				CLANG_WARN_DIRECT_OBJC_ISA_USAGE = YES_ERROR;
				CLANG_WARN_DOCUMENTATION_COMMENTS = YES;
				CLANG_WARN_EMPTY_BODY = YES;
				CLANG_WARN_ENUM_CONVERSION = YES;
				CLANG_WARN_INFINITE_RECURSION = YES;
				CLANG_WARN_INT_CONVERSION = YES;
				CLANG_WARN_NON_LITERAL_NULL_CONVERSION = YES;
				CLANG_WARN_OBJC_IMPLICIT_RETAIN_SELF = YES;
				CLANG_WARN_OBJC_LITERAL_CONVERSION = YES;
				CLANG_WARN_OBJC_ROOT_CLASS = YES_ERROR;
				CLANG_WARN_RANGE_LOOP_ANALYSIS = YES;
				CLANG_WARN_STRICT_PROTOTYPES = YES;
				CLANG_WARN_SUSPICIOUS_MOVE = YES;
				CLANG_WARN_UNGUARDED_AVAILABILITY = YES_AGGRESSIVE;
				CLANG_WARN_UNREACHABLE_CODE = YES;
				CLANG_WARN__DUPLICATE_METHOD_MATCH = YES;
				CODE_SIGN_IDENTITY = "iPhone Developer";
				COPY_PHASE_STRIP = NO;
				DEBUG_INFORMATION_FORMAT = dwarf;
				ENABLE_STRICT_OBJC_MSGSEND = YES;
				ENABLE_TESTABILITY = YES;
				GCC_C_LANGUAGE_STANDARD = gnu11;
				GCC_DYNAMIC_NO_PIC = NO;
				GCC_NO_COMMON_BLOCKS = YES;
				GCC_OPTIMIZATION_LEVEL = 0;
				GCC_PREPROCESSOR_DEFINITIONS = (
					"DEBUG=1",
					"$(inherited)",
				);
				GCC_WARN_64_TO_32_BIT_CONVERSION = YES;
				GCC_WARN_ABOUT_RETURN_TYPE = YES_ERROR;
				GCC_WARN_UNDECLARED_SELECTOR = YES;
				GCC_WARN_UNINITIALIZED_AUTOS = YES_AGGRESSIVE;
				GCC_WARN_UNUSED_FUNCTION = YES;
				GCC_WARN_UNUSED_VARIABLE = YES;
				IPHONEOS_DEPLOYMENT_TARGET = 12.0;
				MTL_ENABLE_DEBUG_INFO = INCLUDE_SOURCE;
				MTL_FAST_MATH = YES;
				ONLY_ACTIVE_ARCH = YES;
				SDKROOT = iphoneos;
				SWIFT_ACTIVE_COMPILATION_CONDITIONS = DEBUG;
				SWIFT_OPTIMIZATION_LEVEL = "-Onone";
			};
			name = Debug;
		};
		2773829E2170858000D40C39 /* Release */ = {
			isa = XCBuildConfiguration;
			buildSettings = {
				ALWAYS_SEARCH_USER_PATHS = NO;
				CLANG_ANALYZER_NONNULL = YES;
				CLANG_ANALYZER_NUMBER_OBJECT_CONVERSION = YES_AGGRESSIVE;
				CLANG_CXX_LANGUAGE_STANDARD = "gnu++14";
				CLANG_CXX_LIBRARY = "libc++";
				CLANG_ENABLE_MODULES = YES;
				CLANG_ENABLE_OBJC_ARC = YES;
				CLANG_ENABLE_OBJC_WEAK = YES;
				CLANG_WARN_BLOCK_CAPTURE_AUTORELEASING = YES;
				CLANG_WARN_BOOL_CONVERSION = YES;
				CLANG_WARN_COMMA = YES;
				CLANG_WARN_CONSTANT_CONVERSION = YES;
				CLANG_WARN_DEPRECATED_OBJC_IMPLEMENTATIONS = YES;
				CLANG_WARN_DIRECT_OBJC_ISA_USAGE = YES_ERROR;
				CLANG_WARN_DOCUMENTATION_COMMENTS = YES;
				CLANG_WARN_EMPTY_BODY = YES;
				CLANG_WARN_ENUM_CONVERSION = YES;
				CLANG_WARN_INFINITE_RECURSION = YES;
				CLANG_WARN_INT_CONVERSION = YES;
				CLANG_WARN_NON_LITERAL_NULL_CONVERSION = YES;
				CLANG_WARN_OBJC_IMPLICIT_RETAIN_SELF = YES;
				CLANG_WARN_OBJC_LITERAL_CONVERSION = YES;
				CLANG_WARN_OBJC_ROOT_CLASS = YES_ERROR;
				CLANG_WARN_RANGE_LOOP_ANALYSIS = YES;
				CLANG_WARN_STRICT_PROTOTYPES = YES;
				CLANG_WARN_SUSPICIOUS_MOVE = YES;
				CLANG_WARN_UNGUARDED_AVAILABILITY = YES_AGGRESSIVE;
				CLANG_WARN_UNREACHABLE_CODE = YES;
				CLANG_WARN__DUPLICATE_METHOD_MATCH = YES;
				CODE_SIGN_IDENTITY = "iPhone Developer";
				COPY_PHASE_STRIP = NO;
				DEBUG_INFORMATION_FORMAT = "dwarf-with-dsym";
				ENABLE_NS_ASSERTIONS = NO;
				ENABLE_STRICT_OBJC_MSGSEND = YES;
				GCC_C_LANGUAGE_STANDARD = gnu11;
				GCC_NO_COMMON_BLOCKS = YES;
				GCC_WARN_64_TO_32_BIT_CONVERSION = YES;
				GCC_WARN_ABOUT_RETURN_TYPE = YES_ERROR;
				GCC_WARN_UNDECLARED_SELECTOR = YES;
				GCC_WARN_UNINITIALIZED_AUTOS = YES_AGGRESSIVE;
				GCC_WARN_UNUSED_FUNCTION = YES;
				GCC_WARN_UNUSED_VARIABLE = YES;
				IPHONEOS_DEPLOYMENT_TARGET = 12.0;
				MTL_ENABLE_DEBUG_INFO = NO;
				MTL_FAST_MATH = YES;
				SDKROOT = iphoneos;
				SWIFT_COMPILATION_MODE = wholemodule;
				SWIFT_OPTIMIZATION_LEVEL = "-O";
				VALIDATE_PRODUCT = YES;
			};
			name = Release;
		};
		277382A02170858000D40C39 /* Debug */ = {
			isa = XCBuildConfiguration;
			baseConfigurationReference = 3E8C5831A5FAE9257918F23E /* Pods-AcrosureSDKExample.debug.xcconfig */;
			buildSettings = {
				ASSETCATALOG_COMPILER_APPICON_NAME = AppIcon;
				CODE_SIGN_STYLE = Automatic;
				INFOPLIST_FILE = AcrosureSDKExample/Info.plist;
				IPHONEOS_DEPLOYMENT_TARGET = 10.0;
				LD_RUNPATH_SEARCH_PATHS = (
					"$(inherited)",
					"@executable_path/Frameworks",
				);
				PRODUCT_BUNDLE_IDENTIFIER = com.acrosure.AcrosureSDKExample;
				PRODUCT_NAME = "$(TARGET_NAME)";
				SWIFT_VERSION = 4.2;
				TARGETED_DEVICE_FAMILY = "1,2";
			};
			name = Debug;
		};
		277382A12170858000D40C39 /* Release */ = {
			isa = XCBuildConfiguration;
			baseConfigurationReference = 8C3DBADCAD2F9C8B7C016800 /* Pods-AcrosureSDKExample.release.xcconfig */;
			buildSettings = {
				ASSETCATALOG_COMPILER_APPICON_NAME = AppIcon;
				CODE_SIGN_STYLE = Automatic;
				INFOPLIST_FILE = AcrosureSDKExample/Info.plist;
				IPHONEOS_DEPLOYMENT_TARGET = 10.0;
				LD_RUNPATH_SEARCH_PATHS = (
					"$(inherited)",
					"@executable_path/Frameworks",
				);
				PRODUCT_BUNDLE_IDENTIFIER = com.acrosure.AcrosureSDKExample;
				PRODUCT_NAME = "$(TARGET_NAME)";
				SWIFT_VERSION = 4.2;
				TARGETED_DEVICE_FAMILY = "1,2";
			};
			name = Release;
		};
/* End XCBuildConfiguration section */

/* Begin XCConfigurationList section */
		277382882170857E00D40C39 /* Build configuration list for PBXProject "AcrosureSDKExample" */ = {
			isa = XCConfigurationList;
			buildConfigurations = (
				2773829D2170858000D40C39 /* Debug */,
				2773829E2170858000D40C39 /* Release */,
			);
			defaultConfigurationIsVisible = 0;
			defaultConfigurationName = Release;
		};
		2773829F2170858000D40C39 /* Build configuration list for PBXNativeTarget "AcrosureSDKExample" */ = {
			isa = XCConfigurationList;
			buildConfigurations = (
				277382A02170858000D40C39 /* Debug */,
				277382A12170858000D40C39 /* Release */,
			);
			defaultConfigurationIsVisible = 0;
			defaultConfigurationName = Release;
		};
/* End XCConfigurationList section */
	};
	rootObject = 277382852170857E00D40C39 /* Project object */;
}
